
Microsoft Visual Studio Solution File, Format Version 12.00
# Visual Studio 15
VisualStudioVersion = 15.0.26730.16
MinimumVisualStudioVersion = 10.0.40219.1
Project("{8BC9CEB8-8B4A-11D0-8D11-00A0C91BC942}") = "数据结构", "数据结构\数据结构.vcxproj", "{B14AD06B-134F-46D6-BA59-8FE3941699B7}"
EndProject
Project("{8BC9CEB8-8B4A-11D0-8D11-00A0C91BC942}") = "多线程", "多线程\多线程.vcxproj", "{B4CA35CC-15B5-4DF8-8ED9-130A05BA0FF4}"
EndProject
Global
	GlobalSection(SolutionConfigurationPlatforms) = preSolution
		Debug|x64 = Debug|x64
		Debug|x86 = Debug|x86
		Release|x64 = Release|x64
		Release|x86 = Release|x86
	EndGlobalSection
	GlobalSection(ProjectConfigurationPlatforms) = postSolution
		{B14AD06B-134F-46D6-BA59-8FE3941699B7}.Debug|x64.ActiveCfg = Debug|x64
		{B14AD06B-134F-46D6-BA59-8FE3941699B7}.Debug|x64.Build.0 = Debug|x64
		{B14AD06B-134F-46D6-BA59-8FE3941699B7}.Debug|x86.ActiveCfg = Debug|Win32
		{B14AD06B-134F-46D6-BA59-8FE3941699B7}.Debug|x86.Build.0 = Debug|Win32
		{B14AD06B-134F-46D6-BA59-8FE3941699B7}.Release|x64.ActiveCfg = Release|x64
		{B14AD06B-134F-46D6-BA59-8FE3941699B7}.Release|x64.Build.0 = Release|x64
		{B14AD06B-134F-46D6-BA59-8FE3941699B7}.Release|x86.ActiveCfg = Release|Win32
		{B14AD06B-134F-46D6-BA59-8FE3941699B7}.Release|x86.Build.0 = Release|Win32
		{B4CA35CC-15B5-4DF8-8ED9-130A05BA0FF4}.Debug|x64.ActiveCfg = Debug|x64
		{B4CA35CC-15B5-4DF8-8ED9-130A05BA0FF4}.Debug|x64.Build.0 = Debug|x64
		{B4CA35CC-15B5-4DF8-8ED9-130A05BA0FF4}.Debug|x86.ActiveCfg = Debug|Win32
		{B4CA35CC-15B5-4DF8-8ED9-130A05BA0FF4}.Debug|x86.Build.0 = Debug|Win32
		{B4CA35CC-15B5-4DF8-8ED9-130A05BA0FF4}.Release|x64.ActiveCfg = Release|x64
		{B4CA35CC-15B5-4DF8-8ED9-130A05BA0FF4}.Release|x64.Build.0 = Release|x64
		{B4CA35CC-15B5-4DF8-8ED9-130A05BA0FF4}.Release|x86.ActiveCfg = Release|Win32
		{B4CA35CC-15B5-4DF8-8ED9-130A05BA0FF4}.Release|x86.Build.0 = Release|Win32
	EndGlobalSection
	GlobalSection(SolutionProperties) = preSolution
		HideSolutionNode = FALSE
	EndGlobalSection
	GlobalSection(ExtensibilityGlobals) = postSolution
		SolutionGuid = {56347B41-0ED4-4151-8C98-DFE9B2DA2F8A}
	EndGlobalSection
EndGlobal
